<?xml version="1.0" encoding="utf-8"?>
<Project ToolsVersion="4.0" xmlns="http://schemas.microsoft.com/developer/msbuild/2003">
  <ItemGroup>
    <Filter Include="Source Files">
      <UniqueIdentifier>{4FC737F1-C7A5-4376-A066-2A32D752A2FF}</UniqueIdentifier>
      <Extensions>cpp;c;cc;cxx;c++;cppm;ixx;def;odl;idl;hpj;bat;asm;asmx</Extensions>
    </Filter>
    <Filter Include="Resource Files">
      <UniqueIdentifier>{67DA6AB6-F800-4c08-8B7A-83BB121AAD01}</UniqueIdentifier>
      <Extensions>rc;ico;cur;bmp;dlg;rc2;rct;bin;rgs;gif;jpg;jpeg;jpe;resx;tiff;tif;png;wav;mfcribbon-ms</Extensions>
    </Filter>
    <Filter Include="Source Files\Clients">
      <UniqueIdentifier>{5db0ca8e-fe89-49e8-a420-2590a7aac4db}</UniqueIdentifier>
    </Filter>
  </ItemGroup>
  <ItemGroup>
    <ClInclude Include="framework.h">
      <Filter>Source Files</Filter>
    </ClInclude>
    <ClInclude Include="IOCP_server.h">
      <Filter>Source Files</Filter>
    </ClInclude>
    <ClInclude Include="Resource.h">
      <Filter>Source Files</Filter>
    </ClInclude>
    <ClInclude Include="targetver.h">
      <Filter>Source Files</Filter>
    </ClInclude>
    <ClInclude Include="myDefine.h">
      <Filter>Source Files</Filter>
    </ClInclude>
    <ClInclude Include="myGlobal.h">
      <Filter>Source Files</Filter>
    </ClInclude>
    <ClInclude Include="User.h">
      <Filter>Source Files\Clients</Filter>
    </ClInclude>
    <ClInclude Include="UserManager.h">
      <Filter>Source Files\Clients</Filter>
    </ClInclude>
    <ClInclude Include="Control.h">
      <Filter>Source Files\Clients</Filter>
    </ClInclude>
    <ClInclude Include="ControlManager.h">
      <Filter>Source Files\Clients</Filter>
    </ClInclude>
    <ClInclude Include="Packet.h">
      <Filter>Source Files</Filter>
    </ClInclude>
  </ItemGroup>
  <ItemGroup>
    <ClCompile Include="IOCP_server.cpp">
      <Filter>Source Files</Filter>
    </ClCompile>
    <ClCompile Include="myGlobal.cpp">
      <Filter>Source Files</Filter>
    </ClCompile>
    <ClCompile Include="User.cpp">
      <Filter>Source Files\Clients</Filter>
    </ClCompile>
    <ClCompile Include="UserManager.cpp">
      <Filter>Source Files\Clients</Filter>
    </ClCompile>
    <ClCompile Include="Control.cpp">
      <Filter>Source Files\Clients</Filter>
    </ClCompile>
    <ClCompile Include="ControlManager.cpp">
      <Filter>Source Files\Clients</Filter>
    </ClCompile>
  </ItemGroup>
  <ItemGroup>
    <ResourceCompile Include="IOCP_server.rc">
      <Filter>Resource Files</Filter>
    </ResourceCompile>
  </ItemGroup>
  <ItemGroup>
    <Image Include="small.ico">
      <Filter>Resource Files</Filter>
    </Image>
    <Image Include="IOCP_server.ico">
      <Filter>Resource Files</Filter>
    </Image>
  </ItemGroup>
</Project>